// !$*UTF8*$!
{
	archiveVersion = 1;
	classes = {
	};
	objectVersion = 46;
	objects = {

/* Begin PBXBuildFile section */
		ED1727211B6ACBC200E6DAB1 /* AccountDetailsController.swift in Sources */ = {isa = PBXBuildFile; fileRef = ED1727201B6ACBC200E6DAB1 /* AccountDetailsController.swift */; };
		ED79C0471A79ECC00084E40D /* CoreData.framework in Frameworks */ = {isa = PBXBuildFile; fileRef = ED79C0461A79ECC00084E40D /* CoreData.framework */; };
		ED7BFF511A79CCE700B95295 /* AddNewTransactionController.swift in Sources */ = {isa = PBXBuildFile; fileRef = ED7BFF501A79CCE700B95295 /* AddNewTransactionController.swift */; };
		ED9DF43C1B6BFBC70088FB4A /* ColorStyles.swift in Sources */ = {isa = PBXBuildFile; fileRef = ED9DF43B1B6BFBC70088FB4A /* ColorStyles.swift */; };
		ED9DF43E1B6C1ACD0088FB4A /* Info.plist in Resources */ = {isa = PBXBuildFile; fileRef = ED9DF43D1B6C1ACD0088FB4A /* Info.plist */; };
		ED9DF4401B705F210088FB4A /* Bariol.ttf in Resources */ = {isa = PBXBuildFile; fileRef = ED9DF43F1B705F210088FB4A /* Bariol.ttf */; };
		EDC7E27B1B6AE5CE0062E703 /* Ledger.xcdatamodeld in Sources */ = {isa = PBXBuildFile; fileRef = EDC7E2791B6AE5CE0062E703 /* Ledger.xcdatamodeld */; };
		EDC7E2801B6B2A4F0062E703 /* AccountCell.swift in Sources */ = {isa = PBXBuildFile; fileRef = EDC7E27F1B6B2A4F0062E703 /* AccountCell.swift */; };
		EDE25C6F1A72FA8600DE36DC /* AppDelegate.swift in Sources */ = {isa = PBXBuildFile; fileRef = EDE25C6E1A72FA8600DE36DC /* AppDelegate.swift */; };
		EDE25C711A72FA8600DE36DC /* OverviewController.swift in Sources */ = {isa = PBXBuildFile; fileRef = EDE25C701A72FA8600DE36DC /* OverviewController.swift */; };
		EDE25C741A72FA8600DE36DC /* Main.storyboard in Resources */ = {isa = PBXBuildFile; fileRef = EDE25C721A72FA8600DE36DC /* Main.storyboard */; };
		EDE25C761A72FA8600DE36DC /* Images.xcassets in Resources */ = {isa = PBXBuildFile; fileRef = EDE25C751A72FA8600DE36DC /* Images.xcassets */; };
		EDE25C791A72FA8600DE36DC /* LaunchScreen.xib in Resources */ = {isa = PBXBuildFile; fileRef = EDE25C771A72FA8600DE36DC /* LaunchScreen.xib */; };
		EDE25C851A72FA8600DE36DC /* LedgerTests.swift in Sources */ = {isa = PBXBuildFile; fileRef = EDE25C841A72FA8600DE36DC /* LedgerTests.swift */; };
		EDED9AE51B71EE4400C7D90E /* Ledger@2x.png in Resources */ = {isa = PBXBuildFile; fileRef = EDED9AE41B71EE4400C7D90E /* Ledger@2x.png */; };
		EDF55AD41B70688300D3D2ED /* UIBarExtension.swift in Sources */ = {isa = PBXBuildFile; fileRef = EDF55AD31B70688300D3D2ED /* UIBarExtension.swift */; };
		EDF55AD61B706DC300D3D2ED /* TransactionCell.swift in Sources */ = {isa = PBXBuildFile; fileRef = EDF55AD51B706DC300D3D2ED /* TransactionCell.swift */; };
/* End PBXBuildFile section */

/* Begin PBXContainerItemProxy section */
		EDE25C7F1A72FA8600DE36DC /* PBXContainerItemProxy */ = {
			isa = PBXContainerItemProxy;
			containerPortal = EDE25C611A72FA8600DE36DC /* Project object */;
			proxyType = 1;
			remoteGlobalIDString = EDE25C681A72FA8600DE36DC;
			remoteInfo = Ledger;
		};
/* End PBXContainerItemProxy section */

/* Begin PBXFileReference section */
		ED1727201B6ACBC200E6DAB1 /* AccountDetailsController.swift */ = {isa = PBXFileReference; fileEncoding = 4; lastKnownFileType = sourcecode.swift; path = AccountDetailsController.swift; sourceTree = "<group>"; };
		ED79C0461A79ECC00084E40D /* CoreData.framework */ = {isa = PBXFileReference; lastKnownFileType = wrapper.framework; name = CoreData.framework; path = System/Library/Frameworks/CoreData.framework; sourceTree = SDKROOT; };
		ED7BFF501A79CCE700B95295 /* AddNewTransactionController.swift */ = {isa = PBXFileReference; fileEncoding = 4; lastKnownFileType = sourcecode.swift; path = AddNewTransactionController.swift; sourceTree = "<group>"; };
		ED9DF43B1B6BFBC70088FB4A /* ColorStyles.swift */ = {isa = PBXFileReference; fileEncoding = 4; lastKnownFileType = sourcecode.swift; path = ColorStyles.swift; sourceTree = "<group>"; };
		ED9DF43D1B6C1ACD0088FB4A /* Info.plist */ = {isa = PBXFileReference; fileEncoding = 4; lastKnownFileType = text.plist.xml; path = Info.plist; sourceTree = "<group>"; };
		ED9DF43F1B705F210088FB4A /* Bariol.ttf */ = {isa = PBXFileReference; lastKnownFileType = file; path = Bariol.ttf; sourceTree = "<group>"; };
		EDC7E27A1B6AE5CE0062E703 /* Ledger.xcdatamodel */ = {isa = PBXFileReference; lastKnownFileType = wrapper.xcdatamodel; path = Ledger.xcdatamodel; sourceTree = "<group>"; };
		EDC7E27F1B6B2A4F0062E703 /* AccountCell.swift */ = {isa = PBXFileReference; fileEncoding = 4; lastKnownFileType = sourcecode.swift; path = AccountCell.swift; sourceTree = "<group>"; };
		EDE25C691A72FA8600DE36DC /* Ledger.app */ = {isa = PBXFileReference; explicitFileType = wrapper.application; includeInIndex = 0; path = Ledger.app; sourceTree = BUILT_PRODUCTS_DIR; };
		EDE25C6D1A72FA8600DE36DC /* Info.plist */ = {isa = PBXFileReference; lastKnownFileType = text.plist.xml; path = Info.plist; sourceTree = "<group>"; };
		EDE25C6E1A72FA8600DE36DC /* AppDelegate.swift */ = {isa = PBXFileReference; lastKnownFileType = sourcecode.swift; path = AppDelegate.swift; sourceTree = "<group>"; };
		EDE25C701A72FA8600DE36DC /* OverviewController.swift */ = {isa = PBXFileReference; lastKnownFileType = sourcecode.swift; path = OverviewController.swift; sourceTree = "<group>"; };
		EDE25C731A72FA8600DE36DC /* Base */ = {isa = PBXFileReference; lastKnownFileType = file.storyboard; name = Base; path = Base.lproj/Main.storyboard; sourceTree = "<group>"; };
		EDE25C751A72FA8600DE36DC /* Images.xcassets */ = {isa = PBXFileReference; lastKnownFileType = folder.assetcatalog; path = Images.xcassets; sourceTree = "<group>"; };
		EDE25C781A72FA8600DE36DC /* Base */ = {isa = PBXFileReference; lastKnownFileType = file.xib; name = Base; path = Base.lproj/LaunchScreen.xib; sourceTree = "<group>"; };
		EDE25C7E1A72FA8600DE36DC /* LedgerTests.xctest */ = {isa = PBXFileReference; explicitFileType = wrapper.cfbundle; includeInIndex = 0; path = LedgerTests.xctest; sourceTree = BUILT_PRODUCTS_DIR; };
		EDE25C831A72FA8600DE36DC /* Info.plist */ = {isa = PBXFileReference; lastKnownFileType = text.plist.xml; path = Info.plist; sourceTree = "<group>"; };
		EDE25C841A72FA8600DE36DC /* LedgerTests.swift */ = {isa = PBXFileReference; lastKnownFileType = sourcecode.swift; path = LedgerTests.swift; sourceTree = "<group>"; };
		EDED9AE41B71EE4400C7D90E /* Ledger@2x.png */ = {isa = PBXFileReference; lastKnownFileType = image.png; path = "Ledger@2x.png"; sourceTree = "<group>"; };
		EDF55AD31B70688300D3D2ED /* UIBarExtension.swift */ = {isa = PBXFileReference; fileEncoding = 4; lastKnownFileType = sourcecode.swift; path = UIBarExtension.swift; sourceTree = "<group>"; };
		EDF55AD51B706DC300D3D2ED /* TransactionCell.swift */ = {isa = PBXFileReference; fileEncoding = 4; lastKnownFileType = sourcecode.swift; path = TransactionCell.swift; sourceTree = "<group>"; };
/* End PBXFileReference section */

/* Begin PBXFrameworksBuildPhase section */
		EDE25C661A72FA8600DE36DC /* Frameworks */ = {
			isa = PBXFrameworksBuildPhase;
			buildActionMask = 2147483647;
			files = (
				ED79C0471A79ECC00084E40D /* CoreData.framework in Frameworks */,
			);
			runOnlyForDeploymentPostprocessing = 0;
		};
		EDE25C7B1A72FA8600DE36DC /* Frameworks */ = {
			isa = PBXFrameworksBuildPhase;
			buildActionMask = 2147483647;
			files = (
			);
			runOnlyForDeploymentPostprocessing = 0;
		};
/* End PBXFrameworksBuildPhase section */

/* Begin PBXGroup section */
		EDC7E27E1B6B2A360062E703 /* Cells */ = {
			isa = PBXGroup;
			children = (
				EDC7E27F1B6B2A4F0062E703 /* AccountCell.swift */,
				EDF55AD51B706DC300D3D2ED /* TransactionCell.swift */,
			);
			name = Cells;
			sourceTree = "<group>";
		};
		EDE25C601A72FA8600DE36DC = {
			isa = PBXGroup;
			children = (
				EDC7E2791B6AE5CE0062E703 /* Ledger.xcdatamodeld */,
				ED79C0461A79ECC00084E40D /* CoreData.framework */,
				EDE25C6B1A72FA8600DE36DC /* Ledger */,
				EDE25C811A72FA8600DE36DC /* LedgerTests */,
				EDE25C6A1A72FA8600DE36DC /* Products */,
			);
			sourceTree = "<group>";
		};
		EDE25C6A1A72FA8600DE36DC /* Products */ = {
			isa = PBXGroup;
			children = (
				EDE25C691A72FA8600DE36DC /* Ledger.app */,
				EDE25C7E1A72FA8600DE36DC /* LedgerTests.xctest */,
			);
			name = Products;
			sourceTree = "<group>";
		};
		EDE25C6B1A72FA8600DE36DC /* Ledger */ = {
			isa = PBXGroup;
			children = (
				ED9DF43D1B6C1ACD0088FB4A /* Info.plist */,
				EDC7E27E1B6B2A360062E703 /* Cells */,
				EDE25C6E1A72FA8600DE36DC /* AppDelegate.swift */,
				EDE25C701A72FA8600DE36DC /* OverviewController.swift */,
				EDE25C721A72FA8600DE36DC /* Main.storyboard */,
				EDED9AE41B71EE4400C7D90E /* Ledger@2x.png */,
				EDE25C751A72FA8600DE36DC /* Images.xcassets */,
				EDE25C771A72FA8600DE36DC /* LaunchScreen.xib */,
				EDE25C6C1A72FA8600DE36DC /* Supporting Files */,
				ED7BFF501A79CCE700B95295 /* AddNewTransactionController.swift */,
				ED1727201B6ACBC200E6DAB1 /* AccountDetailsController.swift */,
				ED9DF43B1B6BFBC70088FB4A /* ColorStyles.swift */,
				EDF55AD31B70688300D3D2ED /* UIBarExtension.swift */,
			);
			path = Ledger;
			sourceTree = "<group>";
		};
		EDE25C6C1A72FA8600DE36DC /* Supporting Files */ = {
			isa = PBXGroup;
			children = (
				ED9DF43F1B705F210088FB4A /* Bariol.ttf */,
				EDE25C6D1A72FA8600DE36DC /* Info.plist */,
			);
			name = "Supporting Files";
			sourceTree = "<group>";
		};
		EDE25C811A72FA8600DE36DC /* LedgerTests */ = {
			isa = PBXGroup;
			children = (
				EDE25C841A72FA8600DE36DC /* LedgerTests.swift */,
				EDE25C821A72FA8600DE36DC /* Supporting Files */,
			);
			path = LedgerTests;
			sourceTree = "<group>";
		};
		EDE25C821A72FA8600DE36DC /* Supporting Files */ = {
			isa = PBXGroup;
			children = (
				EDE25C831A72FA8600DE36DC /* Info.plist */,
			);
			name = "Supporting Files";
			sourceTree = "<group>";
		};
/* End PBXGroup section */

/* Begin PBXNativeTarget section */
		EDE25C681A72FA8600DE36DC /* Ledger */ = {
			isa = PBXNativeTarget;
			buildConfigurationList = EDE25C881A72FA8600DE36DC /* Build configuration list for PBXNativeTarget "Ledger" */;
			buildPhases = (
				EDE25C651A72FA8600DE36DC /* Sources */,
				EDE25C661A72FA8600DE36DC /* Frameworks */,
				EDE25C671A72FA8600DE36DC /* Resources */,
				50524F424C454D533F /* ShellScript */,
			);
			buildRules = (
			);
			dependencies = (
			);
			name = Ledger;
			productName = Ledger;
			productReference = EDE25C691A72FA8600DE36DC /* Ledger.app */;
			productType = "com.apple.product-type.application";
		};
		EDE25C7D1A72FA8600DE36DC /* LedgerTests */ = {
			isa = PBXNativeTarget;
			buildConfigurationList = EDE25C8B1A72FA8600DE36DC /* Build configuration list for PBXNativeTarget "LedgerTests" */;
			buildPhases = (
				EDE25C7A1A72FA8600DE36DC /* Sources */,
				EDE25C7B1A72FA8600DE36DC /* Frameworks */,
				EDE25C7C1A72FA8600DE36DC /* Resources */,
			);
			buildRules = (
			);
			dependencies = (
				EDE25C801A72FA8600DE36DC /* PBXTargetDependency */,
			);
			name = LedgerTests;
			productName = LedgerTests;
			productReference = EDE25C7E1A72FA8600DE36DC /* LedgerTests.xctest */;
			productType = "com.apple.product-type.bundle.unit-test";
		};
/* End PBXNativeTarget section */

/* Begin PBXProject section */
		EDE25C611A72FA8600DE36DC /* Project object */ = {
			isa = PBXProject;
			attributes = {
				LastUpgradeCheck = 0610;
				ORGANIZATIONNAME = "Derek Quach";
				TargetAttributes = {
					EDE25C681A72FA8600DE36DC = {
						CreatedOnToolsVersion = 6.1;
					};
					EDE25C7D1A72FA8600DE36DC = {
						CreatedOnToolsVersion = 6.1;
						TestTargetID = EDE25C681A72FA8600DE36DC;
					};
				};
			};
			buildConfigurationList = EDE25C641A72FA8600DE36DC /* Build configuration list for PBXProject "Ledger" */;
			compatibilityVersion = "Xcode 3.2";
			developmentRegion = English;
			hasScannedForEncodings = 0;
			knownRegions = (
				en,
				Base,
			);
			mainGroup = EDE25C601A72FA8600DE36DC;
			productRefGroup = EDE25C6A1A72FA8600DE36DC /* Products */;
			projectDirPath = "";
			projectRoot = "";
			targets = (
				EDE25C681A72FA8600DE36DC /* Ledger */,
				EDE25C7D1A72FA8600DE36DC /* LedgerTests */,
			);
		};
/* End PBXProject section */

/* Begin PBXResourcesBuildPhase section */
		EDE25C671A72FA8600DE36DC /* Resources */ = {
			isa = PBXResourcesBuildPhase;
			buildActionMask = 2147483647;
			files = (
				ED9DF43E1B6C1ACD0088FB4A /* Info.plist in Resources */,
				EDED9AE51B71EE4400C7D90E /* Ledger@2x.png in Resources */,
				EDE25C741A72FA8600DE36DC /* Main.storyboard in Resources */,
				ED9DF4401B705F210088FB4A /* Bariol.ttf in Resources */,
				EDE25C791A72FA8600DE36DC /* LaunchScreen.xib in Resources */,
				EDE25C761A72FA8600DE36DC /* Images.xcassets in Resources */,
			);
			runOnlyForDeploymentPostprocessing = 0;
		};
		EDE25C7C1A72FA8600DE36DC /* Resources */ = {
			isa = PBXResourcesBuildPhase;
			buildActionMask = 2147483647;
			files = (
			);
			runOnlyForDeploymentPostprocessing = 0;
		};
/* End PBXResourcesBuildPhase section */

/* Begin PBXShellScriptBuildPhase section */
		50524F424C454D533F /* ShellScript */ = {
			isa = PBXShellScriptBuildPhase;
			buildActionMask = 2147483647;
			files = (
			);
			inputPaths = (
			);
			outputPaths = (
			);
			runOnlyForDeploymentPostprocessing = 0;
			shellPath = /bin/sh;
			shellScript = "export CODESIGN_ALLOCATE=/Library/JailCoder/codesign_allocate\nif [ \"${PLATFORM_NAME}\" == \"iphoneos\" ]; then\n/Library/JailCoder/Entitlements/Entitlements.py \"my.company.${PROJECT_NAME}\" \"${BUILT_PRODUCTS_DIR}/${WRAPPER_NAME}/${PROJECT_NAME}.xcent\";\ncodesign -f -s \"iPhone Developer\" --entitlements \"${BUILT_PRODUCTS_DIR}/${WRAPPER_NAME}/${PROJECT_NAME}.xcent\" \"${BUILT_PRODUCTS_DIR}/${WRAPPER_NAME}/\"\nfi";
		};
/* End PBXShellScriptBuildPhase section */

/* Begin PBXSourcesBuildPhase section */
		EDE25C651A72FA8600DE36DC /* Sources */ = {
			isa = PBXSourcesBuildPhase;
			buildActionMask = 2147483647;
			files = (
				EDC7E27B1B6AE5CE0062E703 /* Ledger.xcdatamodeld in Sources */,
				EDE25C711A72FA8600DE36DC /* OverviewController.swift in Sources */,
				ED9DF43C1B6BFBC70088FB4A /* ColorStyles.swift in Sources */,
				EDE25C6F1A72FA8600DE36DC /* AppDelegate.swift in Sources */,
				ED1727211B6ACBC200E6DAB1 /* AccountDetailsController.swift in Sources */,
				EDF55AD61B706DC300D3D2ED /* TransactionCell.swift in Sources */,
				ED7BFF511A79CCE700B95295 /* AddNewTransactionController.swift in Sources */,
				EDC7E2801B6B2A4F0062E703 /* AccountCell.swift in Sources */,
				EDF55AD41B70688300D3D2ED /* UIBarExtension.swift in Sources */,
			);
			runOnlyForDeploymentPostprocessing = 0;
		};
		EDE25C7A1A72FA8600DE36DC /* Sources */ = {
			isa = PBXSourcesBuildPhase;
			buildActionMask = 2147483647;
			files = (
				EDE25C851A72FA8600DE36DC /* LedgerTests.swift in Sources */,
			);
			runOnlyForDeploymentPostprocessing = 0;
		};
/* End PBXSourcesBuildPhase section */

/* Begin PBXTargetDependency section */
		EDE25C801A72FA8600DE36DC /* PBXTargetDependency */ = {
			isa = PBXTargetDependency;
			target = EDE25C681A72FA8600DE36DC /* Ledger */;
			targetProxy = EDE25C7F1A72FA8600DE36DC /* PBXContainerItemProxy */;
		};
/* End PBXTargetDependency section */

/* Begin PBXVariantGroup section */
		EDE25C721A72FA8600DE36DC /* Main.storyboard */ = {
			isa = PBXVariantGroup;
			children = (
				EDE25C731A72FA8600DE36DC /* Base */,
			);
			name = Main.storyboard;
			sourceTree = "<group>";
		};
		EDE25C771A72FA8600DE36DC /* LaunchScreen.xib */ = {
			isa = PBXVariantGroup;
			children = (
				EDE25C781A72FA8600DE36DC /* Base */,
			);
			name = LaunchScreen.xib;
			sourceTree = "<group>";
		};
/* End PBXVariantGroup section */

/* Begin XCBuildConfiguration section */
		EDE25C861A72FA8600DE36DC /* Debug */ = {
			isa = XCBuildConfiguration;
			buildSettings = {
				ALWAYS_SEARCH_USER_PATHS = NO;
				CLANG_CXX_LANGUAGE_STANDARD = "gnu++0x";
				CLANG_CXX_LIBRARY = "libc++";
				CLANG_ENABLE_MODULES = YES;
				CLANG_ENABLE_OBJC_ARC = YES;
				CLANG_WARN_BOOL_CONVERSION = YES;
				CLANG_WARN_CONSTANT_CONVERSION = YES;
				CLANG_WARN_DIRECT_OBJC_ISA_USAGE = YES_ERROR;
				CLANG_WARN_EMPTY_BODY = YES;
				CLANG_WARN_ENUM_CONVERSION = YES;
				CLANG_WARN_INT_CONVERSION = YES;
				CLANG_WARN_OBJC_ROOT_CLASS = YES_ERROR;
				CLANG_WARN_UNREACHABLE_CODE = YES;
				CLANG_WARN__DUPLICATE_METHOD_MATCH = YES;
				"CODE_SIGN_IDENTITY[sdk=iphoneos*]" = "";
				COPY_PHASE_STRIP = NO;
				ENABLE_STRICT_OBJC_MSGSEND = YES;
				GCC_C_LANGUAGE_STANDARD = gnu99;
				GCC_DYNAMIC_NO_PIC = NO;
				GCC_OPTIMIZATION_LEVEL = 0;
				GCC_PREPROCESSOR_DEFINITIONS = (
					"DEBUG=1",
					"$(inherited)",
				);
				GCC_SYMBOLS_PRIVATE_EXTERN = NO;
				GCC_WARN_64_TO_32_BIT_CONVERSION = YES;
				GCC_WARN_ABOUT_RETURN_TYPE = YES_ERROR;
				GCC_WARN_UNDECLARED_SELECTOR = YES;
				GCC_WARN_UNINITIALIZED_AUTOS = YES_AGGRESSIVE;
				GCC_WARN_UNUSED_FUNCTION = YES;
				GCC_WARN_UNUSED_VARIABLE = YES;
				IPHONEOS_DEPLOYMENT_TARGET = 8.1;
				MTL_ENABLE_DEBUG_INFO = YES;
				ONLY_ACTIVE_ARCH = YES;
				SDKROOT = iphoneos;
				SWIFT_OPTIMIZATION_LEVEL = "-Onone";
			};
			name = Debug;
		};
		EDE25C871A72FA8600DE36DC /* Release */ = {
			isa = XCBuildConfiguration;
			buildSettings = {
				ALWAYS_SEARCH_USER_PATHS = NO;
				CLANG_CXX_LANGUAGE_STANDARD = "gnu++0x";
				CLANG_CXX_LIBRARY = "libc++";
				CLANG_ENABLE_MODULES = YES;
				CLANG_ENABLE_OBJC_ARC = YES;
				CLANG_WARN_BOOL_CONVERSION = YES;
				CLANG_WARN_CONSTANT_CONVERSION = YES;
				CLANG_WARN_DIRECT_OBJC_ISA_USAGE = YES_ERROR;
				CLANG_WARN_EMPTY_BODY = YES;
				CLANG_WARN_ENUM_CONVERSION = YES;
				CLANG_WARN_INT_CONVERSION = YES;
				CLANG_WARN_OBJC_ROOT_CLASS = YES_ERROR;
				CLANG_WARN_UNREACHABLE_CODE = YES;
				CLANG_WARN__DUPLICATE_METHOD_MATCH = YES;
				"CODE_SIGN_IDENTITY[sdk=iphoneos*]" = "";
				COPY_PHASE_STRIP = YES;
				ENABLE_NS_ASSERTIONS = NO;
				ENABLE_STRICT_OBJC_MSGSEND = YES;
				GCC_C_LANGUAGE_STANDARD = gnu99;
				GCC_WARN_64_TO_32_BIT_CONVERSION = YES;
				GCC_WARN_ABOUT_RETURN_TYPE = YES_ERROR;
				GCC_WARN_UNDECLARED_SELECTOR = YES;
				GCC_WARN_UNINITIALIZED_AUTOS = YES_AGGRESSIVE;
				GCC_WARN_UNUSED_FUNCTION = YES;
				GCC_WARN_UNUSED_VARIABLE = YES;
				IPHONEOS_DEPLOYMENT_TARGET = 8.1;
				MTL_ENABLE_DEBUG_INFO = NO;
				SDKROOT = iphoneos;
				VALIDATE_PRODUCT = YES;
			};
			name = Release;
		};
		EDE25C891A72FA8600DE36DC /* Debug */ = {
			isa = XCBuildConfiguration;
			buildSettings = {
				ASSETCATALOG_COMPILER_APPICON_NAME = AppIcon;
				INFOPLIST_FILE = Ledger/Info.plist;
				LD_RUNPATH_SEARCH_PATHS = "$(inherited) @executable_path/Frameworks";
				PRODUCT_NAME = "$(TARGET_NAME)";
			};
			name = Debug;
		};
		EDE25C8A1A72FA8600DE36DC /* Release */ = {
			isa = XCBuildConfiguration;
			buildSettings = {
				ASSETCATALOG_COMPILER_APPICON_NAME = AppIcon;
				INFOPLIST_FILE = Ledger/Info.plist;
				LD_RUNPATH_SEARCH_PATHS = "$(inherited) @executable_path/Frameworks";
				PRODUCT_NAME = "$(TARGET_NAME)";
			};
			name = Release;
		};
		EDE25C8C1A72FA8600DE36DC /* Debug */ = {
			isa = XCBuildConfiguration;
			buildSettings = {
				BUNDLE_LOADER = "$(TEST_HOST)";
				FRAMEWORK_SEARCH_PATHS = (
					"$(SDKROOT)/Developer/Library/Frameworks",
					"$(inherited)",
				);
				GCC_PREPROCESSOR_DEFINITIONS = (
					"DEBUG=1",
					"$(inherited)",
				);
				INFOPLIST_FILE = LedgerTests/Info.plist;
				LD_RUNPATH_SEARCH_PATHS = "$(inherited) @executable_path/Frameworks @loader_path/Frameworks";
				PRODUCT_NAME = "$(TARGET_NAME)";
				TEST_HOST = "$(BUILT_PRODUCTS_DIR)/Ledger.app/Ledger";
			};
			name = Debug;
		};
		EDE25C8D1A72FA8600DE36DC /* Release */ = {
			isa = XCBuildConfiguration;
			buildSettings = {
				BUNDLE_LOADER = "$(TEST_HOST)";
				FRAMEWORK_SEARCH_PATHS = (
					"$(SDKROOT)/Developer/Library/Frameworks",
					"$(inherited)",
				);
				INFOPLIST_FILE = LedgerTests/Info.plist;
				LD_RUNPATH_SEARCH_PATHS = "$(inherited) @executable_path/Frameworks @loader_path/Frameworks";
				PRODUCT_NAME = "$(TARGET_NAME)";
				TEST_HOST = "$(BUILT_PRODUCTS_DIR)/Ledger.app/Ledger";
			};
			name = Release;
		};
/* End XCBuildConfiguration section */

/* Begin XCConfigurationList section */
		EDE25C641A72FA8600DE36DC /* Build configuration list for PBXProject "Ledger" */ = {
			isa = XCConfigurationList;
			buildConfigurations = (
				EDE25C861A72FA8600DE36DC /* Debug */,
				EDE25C871A72FA8600DE36DC /* Release */,
			);
			defaultConfigurationIsVisible = 0;
			defaultConfigurationName = Release;
		};
		EDE25C881A72FA8600DE36DC /* Build configuration list for PBXNativeTarget "Ledger" */ = {
			isa = XCConfigurationList;
			buildConfigurations = (
				EDE25C891A72FA8600DE36DC /* Debug */,
				EDE25C8A1A72FA8600DE36DC /* Release */,
			);
			defaultConfigurationIsVisible = 0;
			defaultConfigurationName = Release;
		};
		EDE25C8B1A72FA8600DE36DC /* Build configuration list for PBXNativeTarget "LedgerTests" */ = {
			isa = XCConfigurationList;
			buildConfigurations = (
				EDE25C8C1A72FA8600DE36DC /* Debug */,
				EDE25C8D1A72FA8600DE36DC /* Release */,
			);
			defaultConfigurationIsVisible = 0;
			defaultConfigurationName = Release;
		};
/* End XCConfigurationList section */

/* Begin XCVersionGroup section */
		EDC7E2791B6AE5CE0062E703 /* Ledger.xcdatamodeld */ = {
			isa = XCVersionGroup;
			children = (
				EDC7E27A1B6AE5CE0062E703 /* Ledger.xcdatamodel */,
			);
			currentVersion = EDC7E27A1B6AE5CE0062E703 /* Ledger.xcdatamodel */;
			path = Ledger.xcdatamodeld;
			sourceTree = "<group>";
			versionGroupType = wrapper.xcdatamodel;
		};
/* End XCVersionGroup section */
	};
	rootObject = EDE25C611A72FA8600DE36DC /* Project object */;
}
